
Microsoft Visual Studio Solution File, Format Version 12.00
# Visual Studio Version 17
VisualStudioVersion = 17.10.35027.167
MinimumVisualStudioVersion = 10.0.40219.1
Project("{2150E333-8FDC-42A3-9474-1A3956D46DE8}") = "tests", "tests", "{807C6B2C-496F-4A41-ABFE-EA5478EB9CFF}"
EndProject
Project("{2150E333-8FDC-42A3-9474-1A3956D46DE8}") = "databases", "databases", "{BCFAF88B-B6C0-48C1-B23E-FCC95B75588C}"
EndProject
Project("{9A19103F-16F7-4668-BE54-9A1E7A4F7556}") = "roundhouse.tests", "product\roundhouse.tests\roundhouse.tests.csproj", "{0726928C-FDAC-4C79-B423-841C7E0DF5B8}"
	ProjectSection(ProjectDependencies) = postProject
		{F02B7642-3EC4-4374-BBBE-7857A93EA5D9} = {F02B7642-3EC4-4374-BBBE-7857A93EA5D9}
	EndProjectSection
EndProject
Project("{9A19103F-16F7-4668-BE54-9A1E7A4F7556}") = "roundhouse.tasks", "product\roundhouse.tasks\roundhouse.tasks.csproj", "{7CC86537-E4F4-42F0-973F-39F38E43E347}"
	ProjectSection(ProjectDependencies) = postProject
		{97CA60FD-D550-4098-8B59-E6CD1F1A3AF2} = {97CA60FD-D550-4098-8B59-E6CD1F1A3AF2}
	EndProjectSection
EndProject
Project("{9A19103F-16F7-4668-BE54-9A1E7A4F7556}") = "roundhouse.console", "product\roundhouse.console\roundhouse.console.csproj", "{97CA60FD-D550-4098-8B59-E6CD1F1A3AF2}"
EndProject
Project("{9A19103F-16F7-4668-BE54-9A1E7A4F7556}") = "roundhouse.tests.integration", "product\roundhouse.tests.integration\roundhouse.tests.integration.csproj", "{705033B8-10BA-4E7F-854E-08A7C5590DC5}"
EndProject
Project("{9A19103F-16F7-4668-BE54-9A1E7A4F7556}") = "roundhouse.databases.sqlserver", "product\roundhouse.databases.sqlserver\roundhouse.databases.sqlserver.csproj", "{F02B7642-3EC4-4374-BBBE-7857A93EA5D9}"
EndProject
Project("{9A19103F-16F7-4668-BE54-9A1E7A4F7556}") = "roundhouse.lib", "product\roundhouse.lib\roundhouse.lib.csproj", "{6BB8E05F-CEC6-4CC8-87CF-8A9C439C8122}"
EndProject
Project("{9A19103F-16F7-4668-BE54-9A1E7A4F7556}") = "roundhouse.test.merged", "product\roundhouse.test.merged\roundhouse.test.merged.csproj", "{729625F9-E8E5-472B-BAA8-F7DEDACBD700}"
EndProject
Project("{9A19103F-16F7-4668-BE54-9A1E7A4F7556}") = "roundhouse.core", "product\roundhouse.core\roundhouse.core.csproj", "{328AA2A7-D213-46EB-861E-5D9CA94F8BFD}"
EndProject
Global
	GlobalSection(SolutionConfigurationPlatforms) = preSolution
		Build|Any CPU = Build|Any CPU
		Debug|Any CPU = Debug|Any CPU
		Release|Any CPU = Release|Any CPU
	EndGlobalSection
	GlobalSection(ProjectConfigurationPlatforms) = postSolution
		{0726928C-FDAC-4C79-B423-841C7E0DF5B8}.Build|Any CPU.ActiveCfg = Release|Any CPU
		{0726928C-FDAC-4C79-B423-841C7E0DF5B8}.Build|Any CPU.Build.0 = Release|Any CPU
		{0726928C-FDAC-4C79-B423-841C7E0DF5B8}.Debug|Any CPU.ActiveCfg = Debug|Any CPU
		{0726928C-FDAC-4C79-B423-841C7E0DF5B8}.Debug|Any CPU.Build.0 = Debug|Any CPU
		{0726928C-FDAC-4C79-B423-841C7E0DF5B8}.Release|Any CPU.ActiveCfg = Release|Any CPU
		{0726928C-FDAC-4C79-B423-841C7E0DF5B8}.Release|Any CPU.Build.0 = Release|Any CPU
		{7CC86537-E4F4-42F0-973F-39F38E43E347}.Build|Any CPU.ActiveCfg = Release|Any CPU
		{7CC86537-E4F4-42F0-973F-39F38E43E347}.Build|Any CPU.Build.0 = Release|Any CPU
		{7CC86537-E4F4-42F0-973F-39F38E43E347}.Debug|Any CPU.ActiveCfg = Debug|Any CPU
		{7CC86537-E4F4-42F0-973F-39F38E43E347}.Debug|Any CPU.Build.0 = Debug|Any CPU
		{7CC86537-E4F4-42F0-973F-39F38E43E347}.Release|Any CPU.ActiveCfg = Release|Any CPU
		{7CC86537-E4F4-42F0-973F-39F38E43E347}.Release|Any CPU.Build.0 = Release|Any CPU
		{97CA60FD-D550-4098-8B59-E6CD1F1A3AF2}.Build|Any CPU.ActiveCfg = Release|Any CPU
		{97CA60FD-D550-4098-8B59-E6CD1F1A3AF2}.Build|Any CPU.Build.0 = Release|Any CPU
		{97CA60FD-D550-4098-8B59-E6CD1F1A3AF2}.Debug|Any CPU.ActiveCfg = Debug|Any CPU
		{97CA60FD-D550-4098-8B59-E6CD1F1A3AF2}.Debug|Any CPU.Build.0 = Debug|Any CPU
		{97CA60FD-D550-4098-8B59-E6CD1F1A3AF2}.Release|Any CPU.ActiveCfg = Release|Any CPU
		{97CA60FD-D550-4098-8B59-E6CD1F1A3AF2}.Release|Any CPU.Build.0 = Release|Any CPU
		{705033B8-10BA-4E7F-854E-08A7C5590DC5}.Build|Any CPU.ActiveCfg = Release|Any CPU
		{705033B8-10BA-4E7F-854E-08A7C5590DC5}.Build|Any CPU.Build.0 = Release|Any CPU
		{705033B8-10BA-4E7F-854E-08A7C5590DC5}.Debug|Any CPU.ActiveCfg = Debug|Any CPU
		{705033B8-10BA-4E7F-854E-08A7C5590DC5}.Debug|Any CPU.Build.0 = Debug|Any CPU
		{705033B8-10BA-4E7F-854E-08A7C5590DC5}.Release|Any CPU.ActiveCfg = Release|Any CPU
		{705033B8-10BA-4E7F-854E-08A7C5590DC5}.Release|Any CPU.Build.0 = Release|Any CPU
		{F02B7642-3EC4-4374-BBBE-7857A93EA5D9}.Build|Any CPU.ActiveCfg = Release|Any CPU
		{F02B7642-3EC4-4374-BBBE-7857A93EA5D9}.Build|Any CPU.Build.0 = Release|Any CPU
		{F02B7642-3EC4-4374-BBBE-7857A93EA5D9}.Debug|Any CPU.ActiveCfg = Debug|Any CPU
		{F02B7642-3EC4-4374-BBBE-7857A93EA5D9}.Debug|Any CPU.Build.0 = Debug|Any CPU
		{F02B7642-3EC4-4374-BBBE-7857A93EA5D9}.Release|Any CPU.ActiveCfg = Release|Any CPU
		{F02B7642-3EC4-4374-BBBE-7857A93EA5D9}.Release|Any CPU.Build.0 = Release|Any CPU
		{6BB8E05F-CEC6-4CC8-87CF-8A9C439C8122}.Build|Any CPU.ActiveCfg = Debug|Any CPU
		{6BB8E05F-CEC6-4CC8-87CF-8A9C439C8122}.Build|Any CPU.Build.0 = Debug|Any CPU
		{6BB8E05F-CEC6-4CC8-87CF-8A9C439C8122}.Debug|Any CPU.ActiveCfg = Debug|Any CPU
		{6BB8E05F-CEC6-4CC8-87CF-8A9C439C8122}.Debug|Any CPU.Build.0 = Debug|Any CPU
		{6BB8E05F-CEC6-4CC8-87CF-8A9C439C8122}.Release|Any CPU.ActiveCfg = Release|Any CPU
		{6BB8E05F-CEC6-4CC8-87CF-8A9C439C8122}.Release|Any CPU.Build.0 = Release|Any CPU
		{729625F9-E8E5-472B-BAA8-F7DEDACBD700}.Build|Any CPU.ActiveCfg = Debug|Any CPU
		{729625F9-E8E5-472B-BAA8-F7DEDACBD700}.Build|Any CPU.Build.0 = Debug|Any CPU
		{729625F9-E8E5-472B-BAA8-F7DEDACBD700}.Debug|Any CPU.ActiveCfg = Debug|Any CPU
		{729625F9-E8E5-472B-BAA8-F7DEDACBD700}.Debug|Any CPU.Build.0 = Debug|Any CPU
		{729625F9-E8E5-472B-BAA8-F7DEDACBD700}.Release|Any CPU.ActiveCfg = Release|Any CPU
		{729625F9-E8E5-472B-BAA8-F7DEDACBD700}.Release|Any CPU.Build.0 = Release|Any CPU
		{328AA2A7-D213-46EB-861E-5D9CA94F8BFD}.Build|Any CPU.ActiveCfg = Debug|Any CPU
		{328AA2A7-D213-46EB-861E-5D9CA94F8BFD}.Build|Any CPU.Build.0 = Debug|Any CPU
		{328AA2A7-D213-46EB-861E-5D9CA94F8BFD}.Debug|Any CPU.ActiveCfg = Debug|Any CPU
		{328AA2A7-D213-46EB-861E-5D9CA94F8BFD}.Debug|Any CPU.Build.0 = Debug|Any CPU
		{328AA2A7-D213-46EB-861E-5D9CA94F8BFD}.Release|Any CPU.ActiveCfg = Release|Any CPU
		{328AA2A7-D213-46EB-861E-5D9CA94F8BFD}.Release|Any CPU.Build.0 = Release|Any CPU
	EndGlobalSection
	GlobalSection(SolutionProperties) = preSolution
		HideSolutionNode = FALSE
	EndGlobalSection
	GlobalSection(NestedProjects) = preSolution
		{0726928C-FDAC-4C79-B423-841C7E0DF5B8} = {807C6B2C-496F-4A41-ABFE-EA5478EB9CFF}
		{705033B8-10BA-4E7F-854E-08A7C5590DC5} = {807C6B2C-496F-4A41-ABFE-EA5478EB9CFF}
		{F02B7642-3EC4-4374-BBBE-7857A93EA5D9} = {BCFAF88B-B6C0-48C1-B23E-FCC95B75588C}
		{729625F9-E8E5-472B-BAA8-F7DEDACBD700} = {807C6B2C-496F-4A41-ABFE-EA5478EB9CFF}
	EndGlobalSection
	GlobalSection(ExtensibilityGlobals) = postSolution
		SolutionGuid = {54AD825C-DC48-4C69-88E5-356B43AC3674}
	EndGlobalSection
EndGlobal
